
Microsoft Visual Studio Solution File, Format Version 12.00
Project("{2150E333-8FDC-42A3-9474-1A3956D46DE8}") = "src", "src", "{6E529DC4-8B8A-44FD-976C-1C1D14E55B0B}"
EndProject
Project("{2150E333-8FDC-42A3-9474-1A3956D46DE8}") = "tests", "tests", "{4A11ED3A-0468-4560-8F0D-7EE95860B72A}"
EndProject
Project("{FAE04EC0-301F-11D3-BF4B-00C04F79EFBC}") = "Domain", "src\Domain\Domain.csproj", "{88F541FD-294F-4383-BE69-B2A4895C81C2}"
EndProject
Project("{FAE04EC0-301F-11D3-BF4B-00C04F79EFBC}") = "Application", "src\Application\Application.csproj", "{1874BC9C-D20A-495A-9132-5251EF46D556}"
EndProject
Project("{FAE04EC0-301F-11D3-BF4B-00C04F79EFBC}") = "Infrastructure", "src\Infrastructure\Infrastructure.csproj", "{E9C1DD43-778D-47F6-9668-9CD11FA00455}"
EndProject
Project("{FAE04EC0-301F-11D3-BF4B-00C04F79EFBC}") = "API", "src\API\API.csproj", "{1E5DE85E-0255-46F8-839F-261144121A6A}"
EndProject
Project("{FAE04EC0-301F-11D3-BF4B-00C04F79EFBC}") = "Domain.UnitTests", "tests\Domain.UnitTests\Domain.UnitTests.csproj", "{B4FF5FDF-9C27-4D7C-A4CA-5A954A2E51E3}"
EndProject
Project("{FAE04EC0-301F-11D3-BF4B-00C04F79EFBC}") = "Application.UnitTests", "tests\Application.UnitTests\Application.UnitTests.csproj", "{FFBFA3C5-89DD-4D06-A49C-6FD001C16544}"
EndProject
Project("{FAE04EC0-301F-11D3-BF4B-00C04F79EFBC}") = "Infrastructure.UnitTests", "tests\Infrastructure.UnitTests\Infrastructure.UnitTests.csproj", "{FEEB9A2E-65AC-4545-BDAB-90DE990E9A37}"
EndProject
Project("{FAE04EC0-301F-11D3-BF4B-00C04F79EFBC}") = "API.UnitTests", "tests\API.UnitTests\API.UnitTests.csproj", "{A530D3B4-807E-4FA3-867E-CEB29B2E6FE5}"
EndProject
Global
	GlobalSection(SolutionConfigurationPlatforms) = preSolution
		Debug|Any CPU = Debug|Any CPU
		Release|Any CPU = Release|Any CPU
	EndGlobalSection
	GlobalSection(ProjectConfigurationPlatforms) = postSolution
		{88F541FD-294F-4383-BE69-B2A4895C81C2}.Debug|Any CPU.ActiveCfg = Debug|Any CPU
		{88F541FD-294F-4383-BE69-B2A4895C81C2}.Debug|Any CPU.Build.0 = Debug|Any CPU
		{88F541FD-294F-4383-BE69-B2A4895C81C2}.Release|Any CPU.ActiveCfg = Release|Any CPU
		{88F541FD-294F-4383-BE69-B2A4895C81C2}.Release|Any CPU.Build.0 = Release|Any CPU
		{1874BC9C-D20A-495A-9132-5251EF46D556}.Debug|Any CPU.ActiveCfg = Debug|Any CPU
		{1874BC9C-D20A-495A-9132-5251EF46D556}.Debug|Any CPU.Build.0 = Debug|Any CPU
		{1874BC9C-D20A-495A-9132-5251EF46D556}.Release|Any CPU.ActiveCfg = Release|Any CPU
		{1874BC9C-D20A-495A-9132-5251EF46D556}.Release|Any CPU.Build.0 = Release|Any CPU
		{E9C1DD43-778D-47F6-9668-9CD11FA00455}.Debug|Any CPU.ActiveCfg = Debug|Any CPU
		{E9C1DD43-778D-47F6-9668-9CD11FA00455}.Debug|Any CPU.Build.0 = Debug|Any CPU
		{E9C1DD43-778D-47F6-9668-9CD11FA00455}.Release|Any CPU.ActiveCfg = Release|Any CPU
		{E9C1DD43-778D-47F6-9668-9CD11FA00455}.Release|Any CPU.Build.0 = Release|Any CPU
		{1E5DE85E-0255-46F8-839F-261144121A6A}.Debug|Any CPU.ActiveCfg = Debug|Any CPU
		{1E5DE85E-0255-46F8-839F-261144121A6A}.Debug|Any CPU.Build.0 = Debug|Any CPU
		{1E5DE85E-0255-46F8-839F-261144121A6A}.Release|Any CPU.ActiveCfg = Release|Any CPU
		{1E5DE85E-0255-46F8-839F-261144121A6A}.Release|Any CPU.Build.0 = Release|Any CPU
		{B4FF5FDF-9C27-4D7C-A4CA-5A954A2E51E3}.Debug|Any CPU.ActiveCfg = Debug|Any CPU
		{B4FF5FDF-9C27-4D7C-A4CA-5A954A2E51E3}.Debug|Any CPU.Build.0 = Debug|Any CPU
		{B4FF5FDF-9C27-4D7C-A4CA-5A954A2E51E3}.Release|Any CPU.ActiveCfg = Release|Any CPU
		{B4FF5FDF-9C27-4D7C-A4CA-5A954A2E51E3}.Release|Any CPU.Build.0 = Release|Any CPU
		{FFBFA3C5-89DD-4D06-A49C-6FD001C16544}.Debug|Any CPU.ActiveCfg = Debug|Any CPU
		{FFBFA3C5-89DD-4D06-A49C-6FD001C16544}.Debug|Any CPU.Build.0 = Debug|Any CPU
		{FFBFA3C5-89DD-4D06-A49C-6FD001C16544}.Release|Any CPU.ActiveCfg = Release|Any CPU
		{FFBFA3C5-89DD-4D06-A49C-6FD001C16544}.Release|Any CPU.Build.0 = Release|Any CPU
		{FEEB9A2E-65AC-4545-BDAB-90DE990E9A37}.Debug|Any CPU.ActiveCfg = Debug|Any CPU
		{FEEB9A2E-65AC-4545-BDAB-90DE990E9A37}.Debug|Any CPU.Build.0 = Debug|Any CPU
		{FEEB9A2E-65AC-4545-BDAB-90DE990E9A37}.Release|Any CPU.ActiveCfg = Release|Any CPU
		{FEEB9A2E-65AC-4545-BDAB-90DE990E9A37}.Release|Any CPU.Build.0 = Release|Any CPU
		{A530D3B4-807E-4FA3-867E-CEB29B2E6FE5}.Debug|Any CPU.ActiveCfg = Debug|Any CPU
		{A530D3B4-807E-4FA3-867E-CEB29B2E6FE5}.Debug|Any CPU.Build.0 = Debug|Any CPU
		{A530D3B4-807E-4FA3-867E-CEB29B2E6FE5}.Release|Any CPU.ActiveCfg = Release|Any CPU
		{A530D3B4-807E-4FA3-867E-CEB29B2E6FE5}.Release|Any CPU.Build.0 = Release|Any CPU
	EndGlobalSection
	GlobalSection(NestedProjects) = preSolution
		{88F541FD-294F-4383-BE69-B2A4895C81C2} = {6E529DC4-8B8A-44FD-976C-1C1D14E55B0B}
		{1874BC9C-D20A-495A-9132-5251EF46D556} = {6E529DC4-8B8A-44FD-976C-1C1D14E55B0B}
		{E9C1DD43-778D-47F6-9668-9CD11FA00455} = {6E529DC4-8B8A-44FD-976C-1C1D14E55B0B}
		{1E5DE85E-0255-46F8-839F-261144121A6A} = {6E529DC4-8B8A-44FD-976C-1C1D14E55B0B}
		{B4FF5FDF-9C27-4D7C-A4CA-5A954A2E51E3} = {4A11ED3A-0468-4560-8F0D-7EE95860B72A}
		{FFBFA3C5-89DD-4D06-A49C-6FD001C16544} = {4A11ED3A-0468-4560-8F0D-7EE95860B72A}
		{FEEB9A2E-65AC-4545-BDAB-90DE990E9A37} = {4A11ED3A-0468-4560-8F0D-7EE95860B72A}
		{A530D3B4-807E-4FA3-867E-CEB29B2E6FE5} = {4A11ED3A-0468-4560-8F0D-7EE95860B72A}
	EndGlobalSection
EndGlobal
